
Microsoft Visual Studio Solution File, Format Version 12.00
Project("{FAE04EC0-301F-11D3-BF4B-00C04F79EFBC}") = "WebApiDocumentationExample", "WebApiDocumentationExample.csproj", "{F340ADCA-B65E-4332-BA07-83CFC271D12A}"
EndProject
Global
	GlobalSection(SolutionConfigurationPlatforms) = preSolution
		Debug|Any CPU = Debug|Any CPU
		Release|Any CPU = Release|Any CPU
	EndGlobalSection
	GlobalSection(ProjectConfigurationPlatforms) = postSolution
		{F340ADCA-B65E-4332-BA07-83CFC271D12A}.Debug|Any CPU.ActiveCfg = Debug|Any CPU
		{F340ADCA-B65E-4332-BA07-83CFC271D12A}.Debug|Any CPU.Build.0 = Debug|Any CPU
		{F340ADCA-B65E-4332-BA07-83CFC271D12A}.Release|Any CPU.ActiveCfg = Release|Any CPU
		{F340ADCA-B65E-4332-BA07-83CFC271D12A}.Release|Any CPU.Build.0 = Release|Any CPU
	EndGlobalSection
EndGlobal
